// !$*UTF8*$!
{
	archiveVersion = 1;
	classes = {
	};
	objectVersion = 50;
	objects = {

/* Begin PBXBuildFile section */
		F787EA48267A1E92000653AC /* DetailRowView.swift in Sources */ = {isa = PBXBuildFile; fileRef = F787EA47267A1E92000653AC /* DetailRowView.swift */; };
		F787EA4A267A2520000653AC /* Model.swift in Sources */ = {isa = PBXBuildFile; fileRef = F787EA49267A2520000653AC /* Model.swift */; };
		F787EA4C267A2564000653AC /* DataManager.swift in Sources */ = {isa = PBXBuildFile; fileRef = F787EA4B267A2564000653AC /* DataManager.swift */; };
		F7F6DC0126788F98001C7DC6 /* ContactListSwiftUIHWApp.swift in Sources */ = {isa = PBXBuildFile; fileRef = F7F6DC0026788F98001C7DC6 /* ContactListSwiftUIHWApp.swift */; };
		F7F6DC0326788F98001C7DC6 /* ContentView.swift in Sources */ = {isa = PBXBuildFile; fileRef = F7F6DC0226788F98001C7DC6 /* ContentView.swift */; };
		F7F6DC0526788F9A001C7DC6 /* Assets.xcassets in Resources */ = {isa = PBXBuildFile; fileRef = F7F6DC0426788F9A001C7DC6 /* Assets.xcassets */; };
		F7F6DC0826788F9A001C7DC6 /* Preview Assets.xcassets in Resources */ = {isa = PBXBuildFile; fileRef = F7F6DC0726788F9A001C7DC6 /* Preview Assets.xcassets */; };
		F7F6DC1026788FC5001C7DC6 /* ContactsView.swift in Sources */ = {isa = PBXBuildFile; fileRef = F7F6DC0F26788FC5001C7DC6 /* ContactsView.swift */; };
		F7F6DC1226788FD6001C7DC6 /* NumbersView.swift in Sources */ = {isa = PBXBuildFile; fileRef = F7F6DC1126788FD6001C7DC6 /* NumbersView.swift */; };
		F7F6DC1A26789FFE001C7DC6 /* ContactDetailView.swift in Sources */ = {isa = PBXBuildFile; fileRef = F7F6DC1926789FFE001C7DC6 /* ContactDetailView.swift */; };
/* End PBXBuildFile section */

/* Begin PBXFileReference section */
		F787EA47267A1E92000653AC /* DetailRowView.swift */ = {isa = PBXFileReference; lastKnownFileType = sourcecode.swift; path = DetailRowView.swift; sourceTree = "<group>"; };
		F787EA49267A2520000653AC /* Model.swift */ = {isa = PBXFileReference; lastKnownFileType = sourcecode.swift; path = Model.swift; sourceTree = "<group>"; };
		F787EA4B267A2564000653AC /* DataManager.swift */ = {isa = PBXFileReference; lastKnownFileType = sourcecode.swift; path = DataManager.swift; sourceTree = "<group>"; };
		F7F6DBFD26788F98001C7DC6 /* ContactListSwiftUIHW.app */ = {isa = PBXFileReference; explicitFileType = wrapper.application; includeInIndex = 0; path = ContactListSwiftUIHW.app; sourceTree = BUILT_PRODUCTS_DIR; };
		F7F6DC0026788F98001C7DC6 /* ContactListSwiftUIHWApp.swift */ = {isa = PBXFileReference; lastKnownFileType = sourcecode.swift; path = ContactListSwiftUIHWApp.swift; sourceTree = "<group>"; };
		F7F6DC0226788F98001C7DC6 /* ContentView.swift */ = {isa = PBXFileReference; lastKnownFileType = sourcecode.swift; path = ContentView.swift; sourceTree = "<group>"; };
		F7F6DC0426788F9A001C7DC6 /* Assets.xcassets */ = {isa = PBXFileReference; lastKnownFileType = folder.assetcatalog; path = Assets.xcassets; sourceTree = "<group>"; };
		F7F6DC0726788F9A001C7DC6 /* Preview Assets.xcassets */ = {isa = PBXFileReference; lastKnownFileType = folder.assetcatalog; path = "Preview Assets.xcassets"; sourceTree = "<group>"; };
		F7F6DC0926788F9A001C7DC6 /* Info.plist */ = {isa = PBXFileReference; lastKnownFileType = text.plist.xml; path = Info.plist; sourceTree = "<group>"; };
		F7F6DC0F26788FC5001C7DC6 /* ContactsView.swift */ = {isa = PBXFileReference; lastKnownFileType = sourcecode.swift; path = ContactsView.swift; sourceTree = "<group>"; };
		F7F6DC1126788FD6001C7DC6 /* NumbersView.swift */ = {isa = PBXFileReference; lastKnownFileType = sourcecode.swift; path = NumbersView.swift; sourceTree = "<group>"; };
		F7F6DC1926789FFE001C7DC6 /* ContactDetailView.swift */ = {isa = PBXFileReference; lastKnownFileType = sourcecode.swift; path = ContactDetailView.swift; sourceTree = "<group>"; };
/* End PBXFileReference section */

/* Begin PBXFrameworksBuildPhase section */
		F7F6DBFA26788F98001C7DC6 /* Frameworks */ = {
			isa = PBXFrameworksBuildPhase;
			buildActionMask = 2147483647;
			files = (
			);
			runOnlyForDeploymentPostprocessing = 0;
		};
/* End PBXFrameworksBuildPhase section */

/* Begin PBXGroup section */
		F7F6DBF426788F98001C7DC6 = {
			isa = PBXGroup;
			children = (
				F7F6DBFF26788F98001C7DC6 /* ContactListSwiftUIHW */,
				F7F6DBFE26788F98001C7DC6 /* Products */,
			);
			sourceTree = "<group>";
		};
		F7F6DBFE26788F98001C7DC6 /* Products */ = {
			isa = PBXGroup;
			children = (
				F7F6DBFD26788F98001C7DC6 /* ContactListSwiftUIHW.app */,
			);
			name = Products;
			sourceTree = "<group>";
		};
		F7F6DBFF26788F98001C7DC6 /* ContactListSwiftUIHW */ = {
			isa = PBXGroup;
			children = (
				F7F6DC0026788F98001C7DC6 /* ContactListSwiftUIHWApp.swift */,
				F7F6DC0226788F98001C7DC6 /* ContentView.swift */,
				F7F6DC0F26788FC5001C7DC6 /* ContactsView.swift */,
				F7F6DC1926789FFE001C7DC6 /* ContactDetailView.swift */,
				F7F6DC1126788FD6001C7DC6 /* NumbersView.swift */,
				F787EA47267A1E92000653AC /* DetailRowView.swift */,
				F787EA49267A2520000653AC /* Model.swift */,
				F787EA4B267A2564000653AC /* DataManager.swift */,
				F7F6DC0426788F9A001C7DC6 /* Assets.xcassets */,
				F7F6DC0926788F9A001C7DC6 /* Info.plist */,
				F7F6DC0626788F9A001C7DC6 /* Preview Content */,
			);
			path = ContactListSwiftUIHW;
			sourceTree = "<group>";
		};
		F7F6DC0626788F9A001C7DC6 /* Preview Content */ = {
			isa = PBXGroup;
			children = (
				F7F6DC0726788F9A001C7DC6 /* Preview Assets.xcassets */,
			);
			path = "Preview Content";
			sourceTree = "<group>";
		};
/* End PBXGroup section */

/* Begin PBXNativeTarget section */
		F7F6DBFC26788F98001C7DC6 /* ContactListSwiftUIHW */ = {
			isa = PBXNativeTarget;
			buildConfigurationList = F7F6DC0C26788F9A001C7DC6 /* Build configuration list for PBXNativeTarget "ContactListSwiftUIHW" */;
			buildPhases = (
				F7F6DBF926788F98001C7DC6 /* Sources */,
				F7F6DBFA26788F98001C7DC6 /* Frameworks */,
				F7F6DBFB26788F98001C7DC6 /* Resources */,
			);
			buildRules = (
			);
			dependencies = (
			);
			name = ContactListSwiftUIHW;
			productName = ContactListSwiftUIHW;
			productReference = F7F6DBFD26788F98001C7DC6 /* ContactListSwiftUIHW.app */;
			productType = "com.apple.product-type.application";
		};
/* End PBXNativeTarget section */

/* Begin PBXProject section */
		F7F6DBF526788F98001C7DC6 /* Project object */ = {
			isa = PBXProject;
			attributes = {
				LastSwiftUpdateCheck = 1250;
				LastUpgradeCheck = 1250;
				TargetAttributes = {
					F7F6DBFC26788F98001C7DC6 = {
						CreatedOnToolsVersion = 12.5;
					};
				};
			};
			buildConfigurationList = F7F6DBF826788F98001C7DC6 /* Build configuration list for PBXProject "ContactListSwiftUIHW" */;
			compatibilityVersion = "Xcode 9.3";
			developmentRegion = en;
			hasScannedForEncodings = 0;
			knownRegions = (
				en,
				Base,
			);
			mainGroup = F7F6DBF426788F98001C7DC6;
			productRefGroup = F7F6DBFE26788F98001C7DC6 /* Products */;
			projectDirPath = "";
			projectRoot = "";
			targets = (
				F7F6DBFC26788F98001C7DC6 /* ContactListSwiftUIHW */,
			);
		};
/* End PBXProject section */

/* Begin PBXResourcesBuildPhase section */
		F7F6DBFB26788F98001C7DC6 /* Resources */ = {
			isa = PBXResourcesBuildPhase;
			buildActionMask = 2147483647;
			files = (
				F7F6DC0826788F9A001C7DC6 /* Preview Assets.xcassets in Resources */,
				F7F6DC0526788F9A001C7DC6 /* Assets.xcassets in Resources */,
			);
			runOnlyForDeploymentPostprocessing = 0;
		};
/* End PBXResourcesBuildPhase section */

/* Begin PBXSourcesBuildPhase section */
		F7F6DBF926788F98001C7DC6 /* Sources */ = {
			isa = PBXSourcesBuildPhase;
			buildActionMask = 2147483647;
			files = (
				F787EA4A267A2520000653AC /* Model.swift in Sources */,
				F7F6DC1026788FC5001C7DC6 /* ContactsView.swift in Sources */,
				F7F6DC0326788F98001C7DC6 /* ContentView.swift in Sources */,
				F7F6DC1A26789FFE001C7DC6 /* ContactDetailView.swift in Sources */,
				F787EA4C267A2564000653AC /* DataManager.swift in Sources */,
				F7F6DC0126788F98001C7DC6 /* ContactListSwiftUIHWApp.swift in Sources */,
				F7F6DC1226788FD6001C7DC6 /* NumbersView.swift in Sources */,
				F787EA48267A1E92000653AC /* DetailRowView.swift in Sources */,
			);
			runOnlyForDeploymentPostprocessing = 0;
		};
/* End PBXSourcesBuildPhase section */

/* Begin XCBuildConfiguration section */
		F7F6DC0A26788F9A001C7DC6 /* Debug */ = {
			isa = XCBuildConfiguration;
			buildSettings = {
				ALWAYS_SEARCH_USER_PATHS = NO;
				CLANG_ANALYZER_NONNULL = YES;
				CLANG_ANALYZER_NUMBER_OBJECT_CONVERSION = YES_AGGRESSIVE;
				CLANG_CXX_LANGUAGE_STANDARD = "gnu++14";
				CLANG_CXX_LIBRARY = "libc++";
				CLANG_ENABLE_MODULES = YES;
				CLANG_ENABLE_OBJC_ARC = YES;
				CLANG_ENABLE_OBJC_WEAK = YES;
				CLANG_WARN_BLOCK_CAPTURE_AUTORELEASING = YES;
				CLANG_WARN_BOOL_CONVERSION = YES;
				CLANG_WARN_COMMA = YES;
				CLANG_WARN_CONSTANT_CONVERSION = YES;
				CLANG_WARN_DEPRECATED_OBJC_IMPLEMENTATIONS = YES;
				CLANG_WARN_DIRECT_OBJC_ISA_USAGE = YES_ERROR;
				CLANG_WARN_DOCUMENTATION_COMMENTS = YES;
				CLANG_WARN_EMPTY_BODY = YES;
				CLANG_WARN_ENUM_CONVERSION = YES;
				CLANG_WARN_INFINITE_RECURSION = YES;
				CLANG_WARN_INT_CONVERSION = YES;
				CLANG_WARN_NON_LITERAL_NULL_CONVERSION = YES;
				CLANG_WARN_OBJC_IMPLICIT_RETAIN_SELF = YES;
				CLANG_WARN_OBJC_LITERAL_CONVERSION = YES;
				CLANG_WARN_OBJC_ROOT_CLASS = YES_ERROR;
				CLANG_WARN_QUOTED_INCLUDE_IN_FRAMEWORK_HEADER = YES;
				CLANG_WARN_RANGE_LOOP_ANALYSIS = YES;
				CLANG_WARN_STRICT_PROTOTYPES = YES;
				CLANG_WARN_SUSPICIOUS_MOVE = YES;
				CLANG_WARN_UNGUARDED_AVAILABILITY = YES_AGGRESSIVE;
				CLANG_WARN_UNREACHABLE_CODE = YES;
				CLANG_WARN__DUPLICATE_METHOD_MATCH = YES;
				COPY_PHASE_STRIP = NO;
				DEBUG_INFORMATION_FORMAT = dwarf;
				ENABLE_STRICT_OBJC_MSGSEND = YES;
				ENABLE_TESTABILITY = YES;
				GCC_C_LANGUAGE_STANDARD = gnu11;
				GCC_DYNAMIC_NO_PIC = NO;
				GCC_NO_COMMON_BLOCKS = YES;
				GCC_OPTIMIZATION_LEVEL = 0;
				GCC_PREPROCESSOR_DEFINITIONS = (
					"DEBUG=1",
					"$(inherited)",
				);
				GCC_WARN_64_TO_32_BIT_CONVERSION = YES;
				GCC_WARN_ABOUT_RETURN_TYPE = YES_ERROR;
				GCC_WARN_UNDECLARED_SELECTOR = YES;
				GCC_WARN_UNINITIALIZED_AUTOS = YES_AGGRESSIVE;
				GCC_WARN_UNUSED_FUNCTION = YES;
				GCC_WARN_UNUSED_VARIABLE = YES;
				IPHONEOS_DEPLOYMENT_TARGET = 14.5;
				MTL_ENABLE_DEBUG_INFO = INCLUDE_SOURCE;
				MTL_FAST_MATH = YES;
				ONLY_ACTIVE_ARCH = YES;
				SDKROOT = iphoneos;
				SWIFT_ACTIVE_COMPILATION_CONDITIONS = DEBUG;
				SWIFT_OPTIMIZATION_LEVEL = "-Onone";
			};
			name = Debug;
		};
		F7F6DC0B26788F9A001C7DC6 /* Release */ = {
			isa = XCBuildConfiguration;
			buildSettings = {
				ALWAYS_SEARCH_USER_PATHS = NO;
				CLANG_ANALYZER_NONNULL = YES;
				CLANG_ANALYZER_NUMBER_OBJECT_CONVERSION = YES_AGGRESSIVE;
				CLANG_CXX_LANGUAGE_STANDARD = "gnu++14";
				CLANG_CXX_LIBRARY = "libc++";
				CLANG_ENABLE_MODULES = YES;
				CLANG_ENABLE_OBJC_ARC = YES;
				CLANG_ENABLE_OBJC_WEAK = YES;
				CLANG_WARN_BLOCK_CAPTURE_AUTORELEASING = YES;
				CLANG_WARN_BOOL_CONVERSION = YES;
				CLANG_WARN_COMMA = YES;
				CLANG_WARN_CONSTANT_CONVERSION = YES;
				CLANG_WARN_DEPRECATED_OBJC_IMPLEMENTATIONS = YES;
				CLANG_WARN_DIRECT_OBJC_ISA_USAGE = YES_ERROR;
				CLANG_WARN_DOCUMENTATION_COMMENTS = YES;
				CLANG_WARN_EMPTY_BODY = YES;
				CLANG_WARN_ENUM_CONVERSION = YES;
				CLANG_WARN_INFINITE_RECURSION = YES;
				CLANG_WARN_INT_CONVERSION = YES;
				CLANG_WARN_NON_LITERAL_NULL_CONVERSION = YES;
				CLANG_WARN_OBJC_IMPLICIT_RETAIN_SELF = YES;
				CLANG_WARN_OBJC_LITERAL_CONVERSION = YES;
				CLANG_WARN_OBJC_ROOT_CLASS = YES_ERROR;
				CLANG_WARN_QUOTED_INCLUDE_IN_FRAMEWORK_HEADER = YES;
				CLANG_WARN_RANGE_LOOP_ANALYSIS = YES;
				CLANG_WARN_STRICT_PROTOTYPES = YES;
				CLANG_WARN_SUSPICIOUS_MOVE = YES;
				CLANG_WARN_UNGUARDED_AVAILABILITY = YES_AGGRESSIVE;
				CLANG_WARN_UNREACHABLE_CODE = YES;
				CLANG_WARN__DUPLICATE_METHOD_MATCH = YES;
				COPY_PHASE_STRIP = NO;
				DEBUG_INFORMATION_FORMAT = "dwarf-with-dsym";
				ENABLE_NS_ASSERTIONS = NO;
				ENABLE_STRICT_OBJC_MSGSEND = YES;
				GCC_C_LANGUAGE_STANDARD = gnu11;
				GCC_NO_COMMON_BLOCKS = YES;
				GCC_WARN_64_TO_32_BIT_CONVERSION = YES;
				GCC_WARN_ABOUT_RETURN_TYPE = YES_ERROR;
				GCC_WARN_UNDECLARED_SELECTOR = YES;
				GCC_WARN_UNINITIALIZED_AUTOS = YES_AGGRESSIVE;
				GCC_WARN_UNUSED_FUNCTION = YES;
				GCC_WARN_UNUSED_VARIABLE = YES;
				IPHONEOS_DEPLOYMENT_TARGET = 14.5;
				MTL_ENABLE_DEBUG_INFO = NO;
				MTL_FAST_MATH = YES;
				SDKROOT = iphoneos;
				SWIFT_COMPILATION_MODE = wholemodule;
				SWIFT_OPTIMIZATION_LEVEL = "-O";
				VALIDATE_PRODUCT = YES;
			};
			name = Release;
		};
		F7F6DC0D26788F9A001C7DC6 /* Debug */ = {
			isa = XCBuildConfiguration;
			buildSettings = {
				ASSETCATALOG_COMPILER_APPICON_NAME = AppIcon;
				ASSETCATALOG_COMPILER_GLOBAL_ACCENT_COLOR_NAME = AccentColor;
				CODE_SIGN_STYLE = Automatic;
				DEVELOPMENT_ASSET_PATHS = "\"ContactListSwiftUIHW/Preview Content\"";
				DEVELOPMENT_TEAM = TB5VXYZS9X;
				ENABLE_PREVIEWS = YES;
				INFOPLIST_FILE = ContactListSwiftUIHW/Info.plist;
				IPHONEOS_DEPLOYMENT_TARGET = 14.0;
				LD_RUNPATH_SEARCH_PATHS = (
					"$(inherited)",
					"@executable_path/Frameworks",
				);
				PRODUCT_BUNDLE_IDENTIFIER = ru.learnSwift.ContactListSwiftUIHW;
				PRODUCT_NAME = "$(TARGET_NAME)";
				SWIFT_VERSION = 5.0;
				TARGETED_DEVICE_FAMILY = "1,2";
			};
			name = Debug;
		};
		F7F6DC0E26788F9A001C7DC6 /* Release */ = {
			isa = XCBuildConfiguration;
			buildSettings = {
				ASSETCATALOG_COMPILER_APPICON_NAME = AppIcon;
				ASSETCATALOG_COMPILER_GLOBAL_ACCENT_COLOR_NAME = AccentColor;
				CODE_SIGN_STYLE = Automatic;
				DEVELOPMENT_ASSET_PATHS = "\"ContactListSwiftUIHW/Preview Content\"";
				DEVELOPMENT_TEAM = TB5VXYZS9X;
				ENABLE_PREVIEWS = YES;
				INFOPLIST_FILE = ContactListSwiftUIHW/Info.plist;
				IPHONEOS_DEPLOYMENT_TARGET = 14.0;
				LD_RUNPATH_SEARCH_PATHS = (
					"$(inherited)",
					"@executable_path/Frameworks",
				);
				PRODUCT_BUNDLE_IDENTIFIER = ru.learnSwift.ContactListSwiftUIHW;
				PRODUCT_NAME = "$(TARGET_NAME)";
				SWIFT_VERSION = 5.0;
				TARGETED_DEVICE_FAMILY = "1,2";
			};
			name = Release;
		};
/* End XCBuildConfiguration section */

/* Begin XCConfigurationList section */
		F7F6DBF826788F98001C7DC6 /* Build configuration list for PBXProject "ContactListSwiftUIHW" */ = {
			isa = XCConfigurationList;
			buildConfigurations = (
				F7F6DC0A26788F9A001C7DC6 /* Debug */,
				F7F6DC0B26788F9A001C7DC6 /* Release */,
			);
			defaultConfigurationIsVisible = 0;
			defaultConfigurationName = Release;
		};
		F7F6DC0C26788F9A001C7DC6 /* Build configuration list for PBXNativeTarget "ContactListSwiftUIHW" */ = {
			isa = XCConfigurationList;
			buildConfigurations = (
				F7F6DC0D26788F9A001C7DC6 /* Debug */,
				F7F6DC0E26788F9A001C7DC6 /* Release */,
			);
			defaultConfigurationIsVisible = 0;
			defaultConfigurationName = Release;
		};
/* End XCConfigurationList section */
	};
	rootObject = F7F6DBF526788F98001C7DC6 /* Project object */;
}
